
Microsoft Visual Studio Solution File, Format Version 12.00
# Visual Studio Version 17
VisualStudioVersion = 17.13.35919.96 d17.13
MinimumVisualStudioVersion = 10.0.40219.1
Project("{FAE04EC0-301F-11D3-BF4B-00C04F79EFBC}") = "StarSecurityServices", "StarSecurityServices\StarSecurityServices.csproj", "{4810B544-FAB3-451C-8C6C-66A59332596C}"
EndProject
Global
	GlobalSection(SolutionConfigurationPlatforms) = preSolution
		Debug|Any CPU = Debug|Any CPU
		Release|Any CPU = Release|Any CPU
	EndGlobalSection
	GlobalSection(ProjectConfigurationPlatforms) = postSolution
		{4810B544-FAB3-451C-8C6C-66A59332596C}.Debug|Any CPU.ActiveCfg = Debug|Any CPU
		{4810B544-FAB3-451C-8C6C-66A59332596C}.Debug|Any CPU.Build.0 = Debug|Any CPU
		{4810B544-FAB3-451C-8C6C-66A59332596C}.Release|Any CPU.ActiveCfg = Release|Any CPU
		{4810B544-FAB3-451C-8C6C-66A59332596C}.Release|Any CPU.Build.0 = Release|Any CPU
	EndGlobalSection
	GlobalSection(SolutionProperties) = preSolution
		HideSolutionNode = FALSE
	EndGlobalSection
	GlobalSection(ExtensibilityGlobals) = postSolution
		SolutionGuid = {6402BEEC-71EF-4DF1-87AB-8803AB26157A}
	EndGlobalSection
EndGlobal
